
Microsoft Visual Studio Solution File, Format Version 12.00
# Visual Studio 15
VisualStudioVersion = 15.0.28307.168
MinimumVisualStudioVersion = 10.0.40219.1
Project("{FAE04EC0-301F-11D3-BF4B-00C04F79EFBC}") = "WixDemoApp", "WixDemoApp\WixDemoApp.csproj", "{BA8DB35C-1A86-4051-A723-A9C6AF8C562A}"
EndProject
Project("{930C7802-8A8C-48F9-8165-68863BCCD9DD}") = "SetupProject", "SetupProject\SetupProject.wixproj", "{B16246DA-8306-439F-9DD4-EBCC17CA0ECA}"
EndProject
Project("{6141683F-8A12-4E36-9623-2EB02B2C2303}") = "Setup1", "Setup1\Setup1.isproj", "{5D1BDDCB-EEB3-406A-BB51-C826098C8E9D}"
	ProjectSection(ProjectDependencies) = postProject
		{BA8DB35C-1A86-4051-A723-A9C6AF8C562A} = {BA8DB35C-1A86-4051-A723-A9C6AF8C562A}
	EndProjectSection
EndProject
Global
	GlobalSection(SolutionConfigurationPlatforms) = preSolution
		CD_ROM|Any CPU = CD_ROM|Any CPU
		CD_ROM|x86 = CD_ROM|x86
		Debug|Any CPU = Debug|Any CPU
		Debug|x86 = Debug|x86
		DVD-5|Any CPU = DVD-5|Any CPU
		DVD-5|x86 = DVD-5|x86
		Release|Any CPU = Release|Any CPU
		Release|x86 = Release|x86
		SingleImage|Any CPU = SingleImage|Any CPU
		SingleImage|x86 = SingleImage|x86
	EndGlobalSection
	GlobalSection(ProjectConfigurationPlatforms) = postSolution
		{BA8DB35C-1A86-4051-A723-A9C6AF8C562A}.CD_ROM|Any CPU.ActiveCfg = Release|Any CPU
		{BA8DB35C-1A86-4051-A723-A9C6AF8C562A}.CD_ROM|Any CPU.Build.0 = Release|Any CPU
		{BA8DB35C-1A86-4051-A723-A9C6AF8C562A}.CD_ROM|x86.ActiveCfg = Release|Any CPU
		{BA8DB35C-1A86-4051-A723-A9C6AF8C562A}.CD_ROM|x86.Build.0 = Release|Any CPU
		{BA8DB35C-1A86-4051-A723-A9C6AF8C562A}.Debug|Any CPU.ActiveCfg = Debug|Any CPU
		{BA8DB35C-1A86-4051-A723-A9C6AF8C562A}.Debug|Any CPU.Build.0 = Debug|Any CPU
		{BA8DB35C-1A86-4051-A723-A9C6AF8C562A}.Debug|x86.ActiveCfg = Debug|Any CPU
		{BA8DB35C-1A86-4051-A723-A9C6AF8C562A}.Debug|x86.Build.0 = Debug|Any CPU
		{BA8DB35C-1A86-4051-A723-A9C6AF8C562A}.DVD-5|Any CPU.ActiveCfg = Debug|Any CPU
		{BA8DB35C-1A86-4051-A723-A9C6AF8C562A}.DVD-5|Any CPU.Build.0 = Debug|Any CPU
		{BA8DB35C-1A86-4051-A723-A9C6AF8C562A}.DVD-5|x86.ActiveCfg = Debug|Any CPU
		{BA8DB35C-1A86-4051-A723-A9C6AF8C562A}.DVD-5|x86.Build.0 = Debug|Any CPU
		{BA8DB35C-1A86-4051-A723-A9C6AF8C562A}.Release|Any CPU.ActiveCfg = Release|Any CPU
		{BA8DB35C-1A86-4051-A723-A9C6AF8C562A}.Release|Any CPU.Build.0 = Release|Any CPU
		{BA8DB35C-1A86-4051-A723-A9C6AF8C562A}.Release|x86.ActiveCfg = Release|Any CPU
		{BA8DB35C-1A86-4051-A723-A9C6AF8C562A}.Release|x86.Build.0 = Release|Any CPU
		{BA8DB35C-1A86-4051-A723-A9C6AF8C562A}.SingleImage|Any CPU.ActiveCfg = Release|Any CPU
		{BA8DB35C-1A86-4051-A723-A9C6AF8C562A}.SingleImage|Any CPU.Build.0 = Release|Any CPU
		{BA8DB35C-1A86-4051-A723-A9C6AF8C562A}.SingleImage|x86.ActiveCfg = Release|Any CPU
		{BA8DB35C-1A86-4051-A723-A9C6AF8C562A}.SingleImage|x86.Build.0 = Release|Any CPU
		{B16246DA-8306-439F-9DD4-EBCC17CA0ECA}.CD_ROM|Any CPU.ActiveCfg = Release|x86
		{B16246DA-8306-439F-9DD4-EBCC17CA0ECA}.CD_ROM|Any CPU.Build.0 = Release|x86
		{B16246DA-8306-439F-9DD4-EBCC17CA0ECA}.CD_ROM|x86.ActiveCfg = Release|x86
		{B16246DA-8306-439F-9DD4-EBCC17CA0ECA}.CD_ROM|x86.Build.0 = Release|x86
		{B16246DA-8306-439F-9DD4-EBCC17CA0ECA}.Debug|Any CPU.ActiveCfg = Debug|x86
		{B16246DA-8306-439F-9DD4-EBCC17CA0ECA}.Debug|x86.ActiveCfg = Debug|x86
		{B16246DA-8306-439F-9DD4-EBCC17CA0ECA}.Debug|x86.Build.0 = Debug|x86
		{B16246DA-8306-439F-9DD4-EBCC17CA0ECA}.DVD-5|Any CPU.ActiveCfg = Release|x86
		{B16246DA-8306-439F-9DD4-EBCC17CA0ECA}.DVD-5|Any CPU.Build.0 = Release|x86
		{B16246DA-8306-439F-9DD4-EBCC17CA0ECA}.DVD-5|x86.ActiveCfg = Debug|x86
		{B16246DA-8306-439F-9DD4-EBCC17CA0ECA}.DVD-5|x86.Build.0 = Debug|x86
		{B16246DA-8306-439F-9DD4-EBCC17CA0ECA}.Release|Any CPU.ActiveCfg = Release|x86
		{B16246DA-8306-439F-9DD4-EBCC17CA0ECA}.Release|x86.ActiveCfg = Release|x86
		{B16246DA-8306-439F-9DD4-EBCC17CA0ECA}.Release|x86.Build.0 = Release|x86
		{B16246DA-8306-439F-9DD4-EBCC17CA0ECA}.SingleImage|Any CPU.ActiveCfg = Release|x86
		{B16246DA-8306-439F-9DD4-EBCC17CA0ECA}.SingleImage|Any CPU.Build.0 = Release|x86
		{B16246DA-8306-439F-9DD4-EBCC17CA0ECA}.SingleImage|x86.ActiveCfg = Release|x86
		{B16246DA-8306-439F-9DD4-EBCC17CA0ECA}.SingleImage|x86.Build.0 = Release|x86
		{5D1BDDCB-EEB3-406A-BB51-C826098C8E9D}.CD_ROM|Any CPU.ActiveCfg = CD_ROM
		{5D1BDDCB-EEB3-406A-BB51-C826098C8E9D}.CD_ROM|Any CPU.Build.0 = CD_ROM
		{5D1BDDCB-EEB3-406A-BB51-C826098C8E9D}.CD_ROM|x86.ActiveCfg = CD_ROM
		{5D1BDDCB-EEB3-406A-BB51-C826098C8E9D}.CD_ROM|x86.Build.0 = CD_ROM
		{5D1BDDCB-EEB3-406A-BB51-C826098C8E9D}.Debug|Any CPU.ActiveCfg = DVD-5
		{5D1BDDCB-EEB3-406A-BB51-C826098C8E9D}.Debug|Any CPU.Build.0 = DVD-5
		{5D1BDDCB-EEB3-406A-BB51-C826098C8E9D}.Debug|x86.ActiveCfg = DVD-5
		{5D1BDDCB-EEB3-406A-BB51-C826098C8E9D}.Debug|x86.Build.0 = DVD-5
		{5D1BDDCB-EEB3-406A-BB51-C826098C8E9D}.DVD-5|Any CPU.ActiveCfg = DVD-5
		{5D1BDDCB-EEB3-406A-BB51-C826098C8E9D}.DVD-5|Any CPU.Build.0 = DVD-5
		{5D1BDDCB-EEB3-406A-BB51-C826098C8E9D}.DVD-5|x86.ActiveCfg = DVD-5
		{5D1BDDCB-EEB3-406A-BB51-C826098C8E9D}.DVD-5|x86.Build.0 = DVD-5
		{5D1BDDCB-EEB3-406A-BB51-C826098C8E9D}.Release|Any CPU.ActiveCfg = SingleImage
		{5D1BDDCB-EEB3-406A-BB51-C826098C8E9D}.Release|Any CPU.Build.0 = SingleImage
		{5D1BDDCB-EEB3-406A-BB51-C826098C8E9D}.Release|x86.ActiveCfg = SingleImage
		{5D1BDDCB-EEB3-406A-BB51-C826098C8E9D}.Release|x86.Build.0 = SingleImage
		{5D1BDDCB-EEB3-406A-BB51-C826098C8E9D}.SingleImage|Any CPU.ActiveCfg = SingleImage
		{5D1BDDCB-EEB3-406A-BB51-C826098C8E9D}.SingleImage|Any CPU.Build.0 = SingleImage
		{5D1BDDCB-EEB3-406A-BB51-C826098C8E9D}.SingleImage|x86.ActiveCfg = SingleImage
		{5D1BDDCB-EEB3-406A-BB51-C826098C8E9D}.SingleImage|x86.Build.0 = SingleImage
	EndGlobalSection
	GlobalSection(SolutionProperties) = preSolution
		HideSolutionNode = FALSE
	EndGlobalSection
	GlobalSection(ExtensibilityGlobals) = postSolution
		SolutionGuid = {B8B24561-A7C8-44AC-BE75-4485D0086022}
	EndGlobalSection
EndGlobal
